
Microsoft Visual Studio Solution File, Format Version 12.00
# Visual Studio Version 17
VisualStudioVersion = 17.0.31903.59
MinimumVisualStudioVersion = 10.0.40219.1
Project("{9A19103F-16F7-4668-BE54-9A1E7A4F7556}") = "ApplicationCore", "ApplicationCore\ApplicationCore.csproj", "{6CAA1BFA-688B-4588-A64D-AE25C4C73940}"
EndProject
Project("{9A19103F-16F7-4668-BE54-9A1E7A4F7556}") = "Infrastructure", "Infrastructure\Infrastructure.csproj", "{198EF92E-F392-4504-AE37-FB8CE51E9C77}"
EndProject
Project("{9A19103F-16F7-4668-BE54-9A1E7A4F7556}") = "MovieWebAppMVC", "MovieWebAppMVC\MovieWebAppMVC.csproj", "{38373827-477B-4A64-A092-3AB4A3F6DCE9}"
EndProject
Project("{9A19103F-16F7-4668-BE54-9A1E7A4F7556}") = "MovieWebAppAPI", "MovieWebAppAPI\MovieWebAppAPI.csproj", "{3B191E2C-0BF1-41B2-B488-372FE1F92B3C}"
	ProjectSection(ProjectDependencies) = postProject
		{198EF92E-F392-4504-AE37-FB8CE51E9C77} = {198EF92E-F392-4504-AE37-FB8CE51E9C77}
	EndProjectSection
EndProject
Global
	GlobalSection(SolutionConfigurationPlatforms) = preSolution
		Debug|Any CPU = Debug|Any CPU
		Release|Any CPU = Release|Any CPU
	EndGlobalSection
	GlobalSection(ProjectConfigurationPlatforms) = postSolution
		{6CAA1BFA-688B-4588-A64D-AE25C4C73940}.Debug|Any CPU.ActiveCfg = Debug|Any CPU
		{6CAA1BFA-688B-4588-A64D-AE25C4C73940}.Debug|Any CPU.Build.0 = Debug|Any CPU
		{6CAA1BFA-688B-4588-A64D-AE25C4C73940}.Release|Any CPU.ActiveCfg = Release|Any CPU
		{6CAA1BFA-688B-4588-A64D-AE25C4C73940}.Release|Any CPU.Build.0 = Release|Any CPU
		{198EF92E-F392-4504-AE37-FB8CE51E9C77}.Debug|Any CPU.ActiveCfg = Debug|Any CPU
		{198EF92E-F392-4504-AE37-FB8CE51E9C77}.Debug|Any CPU.Build.0 = Debug|Any CPU
		{198EF92E-F392-4504-AE37-FB8CE51E9C77}.Release|Any CPU.ActiveCfg = Release|Any CPU
		{198EF92E-F392-4504-AE37-FB8CE51E9C77}.Release|Any CPU.Build.0 = Release|Any CPU
		{38373827-477B-4A64-A092-3AB4A3F6DCE9}.Debug|Any CPU.ActiveCfg = Debug|Any CPU
		{38373827-477B-4A64-A092-3AB4A3F6DCE9}.Debug|Any CPU.Build.0 = Debug|Any CPU
		{38373827-477B-4A64-A092-3AB4A3F6DCE9}.Release|Any CPU.ActiveCfg = Release|Any CPU
		{38373827-477B-4A64-A092-3AB4A3F6DCE9}.Release|Any CPU.Build.0 = Release|Any CPU
		{3B191E2C-0BF1-41B2-B488-372FE1F92B3C}.Debug|Any CPU.ActiveCfg = Debug|Any CPU
		{3B191E2C-0BF1-41B2-B488-372FE1F92B3C}.Debug|Any CPU.Build.0 = Debug|Any CPU
		{3B191E2C-0BF1-41B2-B488-372FE1F92B3C}.Release|Any CPU.ActiveCfg = Release|Any CPU
		{3B191E2C-0BF1-41B2-B488-372FE1F92B3C}.Release|Any CPU.Build.0 = Release|Any CPU
	EndGlobalSection
	GlobalSection(SolutionProperties) = preSolution
		HideSolutionNode = FALSE
	EndGlobalSection
	GlobalSection(ExtensibilityGlobals) = postSolution
		SolutionGuid = {B1678643-FBDF-45F2-8595-EF08838ED0BE}
	EndGlobalSection
EndGlobal
