
Microsoft Visual Studio Solution File, Format Version 12.00
# Visual Studio Version 17
VisualStudioVersion = 17.0.31903.59
MinimumVisualStudioVersion = 10.0.40219.1
Project("{9A19103F-16F7-4668-BE54-9A1E7A4F7556}") = "MovieApp.WebMVC", "MovieApp.WebAppMVC\MovieApp.WebMVC.csproj", "{865E86B8-C23C-400B-A4F5-66D612E4C961}"
EndProject
Project("{9A19103F-16F7-4668-BE54-9A1E7A4F7556}") = "MovieApp.Core", "MovieApp.Core\MovieApp.Core.csproj", "{F14BBF70-9BB6-4351-ABBD-2A066F34AED8}"
EndProject
Project("{9A19103F-16F7-4668-BE54-9A1E7A4F7556}") = "MovieApp.Infrastructure", "MovieApp.Infrastructure\MovieApp.Infrastructure.csproj", "{7CF6355B-A052-495E-9B99-77735BE2251F}"
EndProject
Global
	GlobalSection(SolutionConfigurationPlatforms) = preSolution
		Debug|Any CPU = Debug|Any CPU
		Release|Any CPU = Release|Any CPU
	EndGlobalSection
	GlobalSection(ProjectConfigurationPlatforms) = postSolution
		{865E86B8-C23C-400B-A4F5-66D612E4C961}.Debug|Any CPU.ActiveCfg = Debug|Any CPU
		{865E86B8-C23C-400B-A4F5-66D612E4C961}.Debug|Any CPU.Build.0 = Debug|Any CPU
		{865E86B8-C23C-400B-A4F5-66D612E4C961}.Release|Any CPU.ActiveCfg = Release|Any CPU
		{865E86B8-C23C-400B-A4F5-66D612E4C961}.Release|Any CPU.Build.0 = Release|Any CPU
		{F14BBF70-9BB6-4351-ABBD-2A066F34AED8}.Debug|Any CPU.ActiveCfg = Debug|Any CPU
		{F14BBF70-9BB6-4351-ABBD-2A066F34AED8}.Debug|Any CPU.Build.0 = Debug|Any CPU
		{F14BBF70-9BB6-4351-ABBD-2A066F34AED8}.Release|Any CPU.ActiveCfg = Release|Any CPU
		{F14BBF70-9BB6-4351-ABBD-2A066F34AED8}.Release|Any CPU.Build.0 = Release|Any CPU
		{7CF6355B-A052-495E-9B99-77735BE2251F}.Debug|Any CPU.ActiveCfg = Debug|Any CPU
		{7CF6355B-A052-495E-9B99-77735BE2251F}.Debug|Any CPU.Build.0 = Debug|Any CPU
		{7CF6355B-A052-495E-9B99-77735BE2251F}.Release|Any CPU.ActiveCfg = Release|Any CPU
		{7CF6355B-A052-495E-9B99-77735BE2251F}.Release|Any CPU.Build.0 = Release|Any CPU
	EndGlobalSection
	GlobalSection(SolutionProperties) = preSolution
		HideSolutionNode = FALSE
	EndGlobalSection
	GlobalSection(ExtensibilityGlobals) = postSolution
		SolutionGuid = {BFAEA2B0-CC31-44D9-9823-5A52094DEDA4}
	EndGlobalSection
EndGlobal
